
Microsoft Visual Studio Solution File, Format Version 12.00
# Visual Studio 15
VisualStudioVersion = 15.0.27130.2003
MinimumVisualStudioVersion = 10.0.40219.1
Project("{FAE04EC0-301F-11D3-BF4B-00C04F79EFBC}") = "OAuthManagement", "OAuthManagement\OAuthManagement.csproj", "{124DA429-E09D-445C-81E3-F45B1CC2A614}"
EndProject
Global
	GlobalSection(SolutionConfigurationPlatforms) = preSolution
		Debug|Any CPU = Debug|Any CPU
		Release|Any CPU = Release|Any CPU
	EndGlobalSection
	GlobalSection(ProjectConfigurationPlatforms) = postSolution
		{124DA429-E09D-445C-81E3-F45B1CC2A614}.Debug|Any CPU.ActiveCfg = Debug|Any CPU
		{124DA429-E09D-445C-81E3-F45B1CC2A614}.Debug|Any CPU.Build.0 = Debug|Any CPU
		{124DA429-E09D-445C-81E3-F45B1CC2A614}.Release|Any CPU.ActiveCfg = Release|Any CPU
		{124DA429-E09D-445C-81E3-F45B1CC2A614}.Release|Any CPU.Build.0 = Release|Any CPU
	EndGlobalSection
	GlobalSection(SolutionProperties) = preSolution
		HideSolutionNode = FALSE
	EndGlobalSection
	GlobalSection(ExtensibilityGlobals) = postSolution
		SolutionGuid = {D7C3BDDE-10CE-47A1-870A-88955B4E9956}
	EndGlobalSection
EndGlobal
